
Microsoft Visual Studio Solution File, Format Version 12.00
# Visual Studio Version 17
VisualStudioVersion = 17.5.33516.290
MinimumVisualStudioVersion = 10.0.40219.1
Project("{FAE04EC0-301F-11D3-BF4B-00C04F79EFBC}") = "GmailEmployee", "GmailEmployee\GmailEmployee.csproj", "{DA1DF986-5B4C-4D96-AD30-B655013B6792}"
EndProject
Global
	GlobalSection(SolutionConfigurationPlatforms) = preSolution
		Debug|Any CPU = Debug|Any CPU
		Release|Any CPU = Release|Any CPU
	EndGlobalSection
	GlobalSection(ProjectConfigurationPlatforms) = postSolution
		{DA1DF986-5B4C-4D96-AD30-B655013B6792}.Debug|Any CPU.ActiveCfg = Debug|Any CPU
		{DA1DF986-5B4C-4D96-AD30-B655013B6792}.Debug|Any CPU.Build.0 = Debug|Any CPU
		{DA1DF986-5B4C-4D96-AD30-B655013B6792}.Release|Any CPU.ActiveCfg = Release|Any CPU
		{DA1DF986-5B4C-4D96-AD30-B655013B6792}.Release|Any CPU.Build.0 = Release|Any CPU
	EndGlobalSection
	GlobalSection(SolutionProperties) = preSolution
		HideSolutionNode = FALSE
	EndGlobalSection
	GlobalSection(ExtensibilityGlobals) = postSolution
		SolutionGuid = {71E7CD96-AD04-4DD4-8DCB-0ABA571BDD0E}
	EndGlobalSection
EndGlobal
